
Microsoft Visual Studio Solution File, Format Version 12.00
Project("{FAE04EC0-301F-11D3-BF4B-00C04F79EFBC}") = "EtherscanApi", "EtherscanApi\EtherscanApi.csproj", "{AC2D6850-7C37-421E-A35C-6D76FCFA28A7}"
EndProject
Project("{FAE04EC0-301F-11D3-BF4B-00C04F79EFBC}") = "Tests", "Tests\Tests.csproj", "{AAB3216F-F54D-4D67-ABFD-339B1BCB74C3}"
EndProject
Global
	GlobalSection(SolutionConfigurationPlatforms) = preSolution
		Debug|Any CPU = Debug|Any CPU
		Release|Any CPU = Release|Any CPU
	EndGlobalSection
	GlobalSection(ProjectConfigurationPlatforms) = postSolution
		{AC2D6850-7C37-421E-A35C-6D76FCFA28A7}.Debug|Any CPU.ActiveCfg = Debug|Any CPU
		{AC2D6850-7C37-421E-A35C-6D76FCFA28A7}.Debug|Any CPU.Build.0 = Debug|Any CPU
		{AC2D6850-7C37-421E-A35C-6D76FCFA28A7}.Release|Any CPU.ActiveCfg = Release|Any CPU
		{AC2D6850-7C37-421E-A35C-6D76FCFA28A7}.Release|Any CPU.Build.0 = Release|Any CPU
		{AAB3216F-F54D-4D67-ABFD-339B1BCB74C3}.Debug|Any CPU.ActiveCfg = Debug|Any CPU
		{AAB3216F-F54D-4D67-ABFD-339B1BCB74C3}.Debug|Any CPU.Build.0 = Debug|Any CPU
		{AAB3216F-F54D-4D67-ABFD-339B1BCB74C3}.Release|Any CPU.ActiveCfg = Release|Any CPU
		{AAB3216F-F54D-4D67-ABFD-339B1BCB74C3}.Release|Any CPU.Build.0 = Release|Any CPU
	EndGlobalSection
EndGlobal
